
Microsoft Visual Studio Solution File, Format Version 12.00
# Visual Studio Version 16
VisualStudioVersion = 16.0.29613.14
MinimumVisualStudioVersion = 10.0.40219.1
Project("{FAE04EC0-301F-11D3-BF4B-00C04F79EFBC}") = "SuperJet 3.1", "SuperJet 3.1.csproj", "{C84BB071-D242-4C72-B056-44D1AE268FAF}"
EndProject
Global
	GlobalSection(SolutionConfigurationPlatforms) = preSolution
		Debug|Any CPU = Debug|Any CPU
		Release|Any CPU = Release|Any CPU
	EndGlobalSection
	GlobalSection(ProjectConfigurationPlatforms) = postSolution
		{C84BB071-D242-4C72-B056-44D1AE268FAF}.Debug|Any CPU.ActiveCfg = Debug|Any CPU
		{C84BB071-D242-4C72-B056-44D1AE268FAF}.Debug|Any CPU.Build.0 = Debug|Any CPU
		{C84BB071-D242-4C72-B056-44D1AE268FAF}.Release|Any CPU.ActiveCfg = Release|Any CPU
		{C84BB071-D242-4C72-B056-44D1AE268FAF}.Release|Any CPU.Build.0 = Release|Any CPU
	EndGlobalSection
	GlobalSection(SolutionProperties) = preSolution
		HideSolutionNode = FALSE
	EndGlobalSection
	GlobalSection(ExtensibilityGlobals) = postSolution
		SolutionGuid = {A0BE0E1A-D8B6-49C2-86BA-A2F1EE880BC5}
	EndGlobalSection
EndGlobal
